
Microsoft Visual Studio Solution File, Format Version 12.00
# Visual Studio Version 16
VisualStudioVersion = 16.0.30804.86
MinimumVisualStudioVersion = 10.0.40219.1
Project("{FAE04EC0-301F-11D3-BF4B-00C04F79EFBC}") = "ParkingApp", "ParkingApp\ParkingApp.csproj", "{01729609-E9F7-4C8E-BF3A-5A611CB38224}"
EndProject
Global
	GlobalSection(SolutionConfigurationPlatforms) = preSolution
		Debug|Any CPU = Debug|Any CPU
		Release|Any CPU = Release|Any CPU
	EndGlobalSection
	GlobalSection(ProjectConfigurationPlatforms) = postSolution
		{01729609-E9F7-4C8E-BF3A-5A611CB38224}.Debug|Any CPU.ActiveCfg = Debug|Any CPU
		{01729609-E9F7-4C8E-BF3A-5A611CB38224}.Debug|Any CPU.Build.0 = Debug|Any CPU
		{01729609-E9F7-4C8E-BF3A-5A611CB38224}.Release|Any CPU.ActiveCfg = Release|Any CPU
		{01729609-E9F7-4C8E-BF3A-5A611CB38224}.Release|Any CPU.Build.0 = Release|Any CPU
	EndGlobalSection
	GlobalSection(SolutionProperties) = preSolution
		HideSolutionNode = FALSE
	EndGlobalSection
	GlobalSection(ExtensibilityGlobals) = postSolution
		SolutionGuid = {CF5B8685-2B2E-4C67-9F54-7DF1A9FB6B35}
	EndGlobalSection
EndGlobal
